{
    "name": "@pmis/monorepo",
    "version": "1.0.0",
    "lockfileVersion": 3,
    "requires": true,
    "packages": {
        "": {
            "name": "@pmis/monorepo",
            "version": "1.0.0",
            "license": "ISC",
            "workspaces": [
                "pmis-frontend/*",
                "pmis-backend/*"
            ]
        },
        "node_modules/@pmis-backend/api-gateway": {
            "resolved": "pmis-backend/api-gateway",
            "link": true
        },
        "node_modules/@pmis-backend/scheduling": {
            "resolved": "pmis-backend/scheduling",
            "link": true
        },
        "node_modules/@pmis-frontend/host": {
            "resolved": "pmis-frontend/host",
            "link": true
        },
        "node_modules/@pmis-frontend/scheduling-mfe": {
            "resolved": "pmis-frontend/scheduling-mfe",
            "link": true
        },
        "pmis-backend/api-gateway": {
            "name": "@pmis-backend/api-gateway",
            "version": "0.0.0"
        },
        "pmis-backend/scheduling": {
            "name": "@pmis-backend/scheduling",
            "version": "0.0.0"
        },
        "pmis-frontend/host": {
            "name": "@pmis-frontend/host",
            "version": "0.0.0"
        },
        "pmis-frontend/scheduling-mfe": {
            "name": "@pmis-frontend/scheduling-mfe",
            "version": "0.0.0"
        }
    }
}
